{
  "name": "haus",
  "version": "1.0.0",
  "lockfileVersion": 1,
  "requires": true,
  "dependencies": {
    "dom-to-image": {
      "version": "2.6.0",
      "resolved": "https://registry.npmjs.org/dom-to-image/-/dom-to-image-2.6.0.tgz",
      "integrity": "sha1-ilA2CAiMh7HCL5A0rgMuGJiVWGc="
    },
    "striptags": {
      "version": "3.1.1",
      "resolved": "https://registry.npmjs.org/striptags/-/striptags-3.1.1.tgz",
      "integrity": "sha1-yMPn/db7S7OjKjt1LltePjgJPr0="
    },
    "unidecode": {
      "version": "0.1.8",
      "resolved": "https://registry.npmjs.org/unidecode/-/unidecode-0.1.8.tgz",
      "integrity": "sha1-77swFTi8RSRqmsjFWdcvAVMFBT4="
    },
    "url-slug": {
      "version": "2.3.0",
      "resolved": "https://registry.npmjs.org/url-slug/-/url-slug-2.3.0.tgz",
      "integrity": "sha512-5bYEGMQPpec3/mVZ20vfnQIr7lcAxdvfmhBc6NBcAxO+hh/S3KTyibNnMzlGSWVnmM6hN+EQcrXkUBIP8qBG4A==",
      "requires": {
        "unidecode": "^0.1.8"
      }
    }
  }
}
